
Microsoft Visual Studio Solution File, Format Version 12.00
# Visual Studio Version 16
VisualStudioVersion = 16.0.31205.134
MinimumVisualStudioVersion = 10.0.40219.1
Project("{FAE04EC0-301F-11D3-BF4B-00C04F79EFBC}") = "Gateway", "Gateway\Gateway.csproj", "{F35DC4DC-7B88-4E54-9B36-700F9B29A7D4}"
EndProject
Global
	GlobalSection(SolutionConfigurationPlatforms) = preSolution
		Debug|Any CPU = Debug|Any CPU
		Release|Any CPU = Release|Any CPU
	EndGlobalSection
	GlobalSection(ProjectConfigurationPlatforms) = postSolution
		{F35DC4DC-7B88-4E54-9B36-700F9B29A7D4}.Debug|Any CPU.ActiveCfg = Debug|Any CPU
		{F35DC4DC-7B88-4E54-9B36-700F9B29A7D4}.Debug|Any CPU.Build.0 = Debug|Any CPU
		{F35DC4DC-7B88-4E54-9B36-700F9B29A7D4}.Release|Any CPU.ActiveCfg = Release|Any CPU
		{F35DC4DC-7B88-4E54-9B36-700F9B29A7D4}.Release|Any CPU.Build.0 = Release|Any CPU
	EndGlobalSection
	GlobalSection(SolutionProperties) = preSolution
		HideSolutionNode = FALSE
	EndGlobalSection
	GlobalSection(ExtensibilityGlobals) = postSolution
		SolutionGuid = {13928D2A-8E73-4873-A2B6-2EEE29BAAD99}
	EndGlobalSection
EndGlobal
